
Microsoft Visual Studio Solution File, Format Version 12.00
# Visual Studio Version 17
VisualStudioVersion = 17.8.34525.116
MinimumVisualStudioVersion = 10.0.40219.1
Project("{FAE04EC0-301F-11D3-BF4B-00C04F79EFBC}") = "Store", "Store.csproj", "{224B8141-FDAA-4F90-B926-6CB22C6DF24D}"
EndProject
Global
	GlobalSection(SolutionConfigurationPlatforms) = preSolution
		Debug|Any CPU = Debug|Any CPU
		Release|Any CPU = Release|Any CPU
	EndGlobalSection
	GlobalSection(ProjectConfigurationPlatforms) = postSolution
		{224B8141-FDAA-4F90-B926-6CB22C6DF24D}.Debug|Any CPU.ActiveCfg = Debug|Any CPU
		{224B8141-FDAA-4F90-B926-6CB22C6DF24D}.Debug|Any CPU.Build.0 = Debug|Any CPU
		{224B8141-FDAA-4F90-B926-6CB22C6DF24D}.Release|Any CPU.ActiveCfg = Release|Any CPU
		{224B8141-FDAA-4F90-B926-6CB22C6DF24D}.Release|Any CPU.Build.0 = Release|Any CPU
	EndGlobalSection
	GlobalSection(SolutionProperties) = preSolution
		HideSolutionNode = FALSE
	EndGlobalSection
	GlobalSection(ExtensibilityGlobals) = postSolution
		SolutionGuid = {73FE3C51-2E5D-4F4E-97B2-5B892242EDD7}
	EndGlobalSection
EndGlobal
